
Microsoft Visual Studio Solution File, Format Version 12.00
# Visual Studio 2012
Project("{FAE04EC0-301F-11D3-BF4B-00C04F79EFBC}") = "Autonomy", "Autonomy\Autonomy.csproj", "{6580E937-465E-4AA4-8185-62E2F685079E}"
EndProject
Project("{FAE04EC0-301F-11D3-BF4B-00C04F79EFBC}") = "Autonomy.Model", "Autonomy.Model\Autonomy.Model.csproj", "{D7D5E77D-91D6-4510-BBC1-9B04FA6E6F92}"
EndProject
Project("{FAE04EC0-301F-11D3-BF4B-00C04F79EFBC}") = "Autonomy.ViewModel", "Autonomy.ViewModel\Autonomy.ViewModel.csproj", "{8A676D19-382C-42F0-A18A-F4559D6B70E3}"
EndProject
Project("{FAE04EC0-301F-11D3-BF4B-00C04F79EFBC}") = "CommonDX", "CommonDX\CommonDX.csproj", "{45CD76A3-E21E-47A3-8BFD-9A1241AADB9D}"
EndProject
Project("{FAE04EC0-301F-11D3-BF4B-00C04F79EFBC}") = "Autonomy.Model.UnitTests", "Autonomy.Model.UnitTests\Autonomy.Model.UnitTests.csproj", "{2139E8CB-D1B8-4D0A-B3CA-12C35191CEE9}"
EndProject
Global
	GlobalSection(SolutionConfigurationPlatforms) = preSolution
		Debug|Any CPU = Debug|Any CPU
		Debug|ARM = Debug|ARM
		Debug|x64 = Debug|x64
		Debug|x86 = Debug|x86
		Release|Any CPU = Release|Any CPU
		Release|ARM = Release|ARM
		Release|x64 = Release|x64
		Release|x86 = Release|x86
	EndGlobalSection
	GlobalSection(ProjectConfigurationPlatforms) = postSolution
		{6580E937-465E-4AA4-8185-62E2F685079E}.Debug|Any CPU.ActiveCfg = Debug|Any CPU
		{6580E937-465E-4AA4-8185-62E2F685079E}.Debug|Any CPU.Build.0 = Debug|Any CPU
		{6580E937-465E-4AA4-8185-62E2F685079E}.Debug|Any CPU.Deploy.0 = Debug|Any CPU
		{6580E937-465E-4AA4-8185-62E2F685079E}.Debug|ARM.ActiveCfg = Debug|ARM
		{6580E937-465E-4AA4-8185-62E2F685079E}.Debug|ARM.Build.0 = Debug|ARM
		{6580E937-465E-4AA4-8185-62E2F685079E}.Debug|ARM.Deploy.0 = Debug|ARM
		{6580E937-465E-4AA4-8185-62E2F685079E}.Debug|x64.ActiveCfg = Debug|x64
		{6580E937-465E-4AA4-8185-62E2F685079E}.Debug|x64.Build.0 = Debug|x64
		{6580E937-465E-4AA4-8185-62E2F685079E}.Debug|x64.Deploy.0 = Debug|x64
		{6580E937-465E-4AA4-8185-62E2F685079E}.Debug|x86.ActiveCfg = Debug|x86
		{6580E937-465E-4AA4-8185-62E2F685079E}.Debug|x86.Build.0 = Debug|x86
		{6580E937-465E-4AA4-8185-62E2F685079E}.Debug|x86.Deploy.0 = Debug|x86
		{6580E937-465E-4AA4-8185-62E2F685079E}.Release|Any CPU.ActiveCfg = Release|Any CPU
		{6580E937-465E-4AA4-8185-62E2F685079E}.Release|Any CPU.Build.0 = Release|Any CPU
		{6580E937-465E-4AA4-8185-62E2F685079E}.Release|Any CPU.Deploy.0 = Release|Any CPU
		{6580E937-465E-4AA4-8185-62E2F685079E}.Release|ARM.ActiveCfg = Release|ARM
		{6580E937-465E-4AA4-8185-62E2F685079E}.Release|ARM.Build.0 = Release|ARM
		{6580E937-465E-4AA4-8185-62E2F685079E}.Release|ARM.Deploy.0 = Release|ARM
		{6580E937-465E-4AA4-8185-62E2F685079E}.Release|x64.ActiveCfg = Release|x64
		{6580E937-465E-4AA4-8185-62E2F685079E}.Release|x64.Build.0 = Release|x64
		{6580E937-465E-4AA4-8185-62E2F685079E}.Release|x64.Deploy.0 = Release|x64
		{6580E937-465E-4AA4-8185-62E2F685079E}.Release|x86.ActiveCfg = Release|x86
		{6580E937-465E-4AA4-8185-62E2F685079E}.Release|x86.Build.0 = Release|x86
		{6580E937-465E-4AA4-8185-62E2F685079E}.Release|x86.Deploy.0 = Release|x86
		{D7D5E77D-91D6-4510-BBC1-9B04FA6E6F92}.Debug|Any CPU.ActiveCfg = Debug|Any CPU
		{D7D5E77D-91D6-4510-BBC1-9B04FA6E6F92}.Debug|Any CPU.Build.0 = Debug|Any CPU
		{D7D5E77D-91D6-4510-BBC1-9B04FA6E6F92}.Debug|ARM.ActiveCfg = Debug|ARM
		{D7D5E77D-91D6-4510-BBC1-9B04FA6E6F92}.Debug|ARM.Build.0 = Debug|ARM
		{D7D5E77D-91D6-4510-BBC1-9B04FA6E6F92}.Debug|x64.ActiveCfg = Debug|x64
		{D7D5E77D-91D6-4510-BBC1-9B04FA6E6F92}.Debug|x64.Build.0 = Debug|x64
		{D7D5E77D-91D6-4510-BBC1-9B04FA6E6F92}.Debug|x86.ActiveCfg = Debug|x86
		{D7D5E77D-91D6-4510-BBC1-9B04FA6E6F92}.Debug|x86.Build.0 = Debug|x86
		{D7D5E77D-91D6-4510-BBC1-9B04FA6E6F92}.Release|Any CPU.ActiveCfg = Release|Any CPU
		{D7D5E77D-91D6-4510-BBC1-9B04FA6E6F92}.Release|Any CPU.Build.0 = Release|Any CPU
		{D7D5E77D-91D6-4510-BBC1-9B04FA6E6F92}.Release|ARM.ActiveCfg = Release|ARM
		{D7D5E77D-91D6-4510-BBC1-9B04FA6E6F92}.Release|ARM.Build.0 = Release|ARM
		{D7D5E77D-91D6-4510-BBC1-9B04FA6E6F92}.Release|x64.ActiveCfg = Release|x64
		{D7D5E77D-91D6-4510-BBC1-9B04FA6E6F92}.Release|x64.Build.0 = Release|x64
		{D7D5E77D-91D6-4510-BBC1-9B04FA6E6F92}.Release|x86.ActiveCfg = Release|x86
		{D7D5E77D-91D6-4510-BBC1-9B04FA6E6F92}.Release|x86.Build.0 = Release|x86
		{8A676D19-382C-42F0-A18A-F4559D6B70E3}.Debug|Any CPU.ActiveCfg = Debug|Any CPU
		{8A676D19-382C-42F0-A18A-F4559D6B70E3}.Debug|Any CPU.Build.0 = Debug|Any CPU
		{8A676D19-382C-42F0-A18A-F4559D6B70E3}.Debug|ARM.ActiveCfg = Debug|ARM
		{8A676D19-382C-42F0-A18A-F4559D6B70E3}.Debug|ARM.Build.0 = Debug|ARM
		{8A676D19-382C-42F0-A18A-F4559D6B70E3}.Debug|x64.ActiveCfg = Debug|x64
		{8A676D19-382C-42F0-A18A-F4559D6B70E3}.Debug|x64.Build.0 = Debug|x64
		{8A676D19-382C-42F0-A18A-F4559D6B70E3}.Debug|x86.ActiveCfg = Debug|x86
		{8A676D19-382C-42F0-A18A-F4559D6B70E3}.Debug|x86.Build.0 = Debug|x86
		{8A676D19-382C-42F0-A18A-F4559D6B70E3}.Release|Any CPU.ActiveCfg = Release|Any CPU
		{8A676D19-382C-42F0-A18A-F4559D6B70E3}.Release|Any CPU.Build.0 = Release|Any CPU
		{8A676D19-382C-42F0-A18A-F4559D6B70E3}.Release|ARM.ActiveCfg = Release|ARM
		{8A676D19-382C-42F0-A18A-F4559D6B70E3}.Release|ARM.Build.0 = Release|ARM
		{8A676D19-382C-42F0-A18A-F4559D6B70E3}.Release|x64.ActiveCfg = Release|x64
		{8A676D19-382C-42F0-A18A-F4559D6B70E3}.Release|x64.Build.0 = Release|x64
		{8A676D19-382C-42F0-A18A-F4559D6B70E3}.Release|x86.ActiveCfg = Release|x86
		{8A676D19-382C-42F0-A18A-F4559D6B70E3}.Release|x86.Build.0 = Release|x86
		{45CD76A3-E21E-47A3-8BFD-9A1241AADB9D}.Debug|Any CPU.ActiveCfg = Debug|Any CPU
		{45CD76A3-E21E-47A3-8BFD-9A1241AADB9D}.Debug|Any CPU.Build.0 = Debug|Any CPU
		{45CD76A3-E21E-47A3-8BFD-9A1241AADB9D}.Debug|ARM.ActiveCfg = Debug|Any CPU
		{45CD76A3-E21E-47A3-8BFD-9A1241AADB9D}.Debug|x64.ActiveCfg = Debug|Any CPU
		{45CD76A3-E21E-47A3-8BFD-9A1241AADB9D}.Debug|x86.ActiveCfg = Debug|Any CPU
		{45CD76A3-E21E-47A3-8BFD-9A1241AADB9D}.Release|Any CPU.ActiveCfg = Release|Any CPU
		{45CD76A3-E21E-47A3-8BFD-9A1241AADB9D}.Release|Any CPU.Build.0 = Release|Any CPU
		{45CD76A3-E21E-47A3-8BFD-9A1241AADB9D}.Release|ARM.ActiveCfg = Release|Any CPU
		{45CD76A3-E21E-47A3-8BFD-9A1241AADB9D}.Release|x64.ActiveCfg = Release|Any CPU
		{45CD76A3-E21E-47A3-8BFD-9A1241AADB9D}.Release|x86.ActiveCfg = Release|Any CPU
		{2139E8CB-D1B8-4D0A-B3CA-12C35191CEE9}.Debug|Any CPU.ActiveCfg = Debug|Any CPU
		{2139E8CB-D1B8-4D0A-B3CA-12C35191CEE9}.Debug|Any CPU.Build.0 = Debug|Any CPU
		{2139E8CB-D1B8-4D0A-B3CA-12C35191CEE9}.Debug|Any CPU.Deploy.0 = Debug|Any CPU
		{2139E8CB-D1B8-4D0A-B3CA-12C35191CEE9}.Debug|ARM.ActiveCfg = Debug|ARM
		{2139E8CB-D1B8-4D0A-B3CA-12C35191CEE9}.Debug|ARM.Build.0 = Debug|ARM
		{2139E8CB-D1B8-4D0A-B3CA-12C35191CEE9}.Debug|ARM.Deploy.0 = Debug|ARM
		{2139E8CB-D1B8-4D0A-B3CA-12C35191CEE9}.Debug|x64.ActiveCfg = Debug|x64
		{2139E8CB-D1B8-4D0A-B3CA-12C35191CEE9}.Debug|x64.Build.0 = Debug|x64
		{2139E8CB-D1B8-4D0A-B3CA-12C35191CEE9}.Debug|x64.Deploy.0 = Debug|x64
		{2139E8CB-D1B8-4D0A-B3CA-12C35191CEE9}.Debug|x86.ActiveCfg = Debug|x86
		{2139E8CB-D1B8-4D0A-B3CA-12C35191CEE9}.Debug|x86.Build.0 = Debug|x86
		{2139E8CB-D1B8-4D0A-B3CA-12C35191CEE9}.Debug|x86.Deploy.0 = Debug|x86
		{2139E8CB-D1B8-4D0A-B3CA-12C35191CEE9}.Release|Any CPU.ActiveCfg = Release|Any CPU
		{2139E8CB-D1B8-4D0A-B3CA-12C35191CEE9}.Release|Any CPU.Build.0 = Release|Any CPU
		{2139E8CB-D1B8-4D0A-B3CA-12C35191CEE9}.Release|Any CPU.Deploy.0 = Release|Any CPU
		{2139E8CB-D1B8-4D0A-B3CA-12C35191CEE9}.Release|ARM.ActiveCfg = Release|ARM
		{2139E8CB-D1B8-4D0A-B3CA-12C35191CEE9}.Release|ARM.Build.0 = Release|ARM
		{2139E8CB-D1B8-4D0A-B3CA-12C35191CEE9}.Release|ARM.Deploy.0 = Release|ARM
		{2139E8CB-D1B8-4D0A-B3CA-12C35191CEE9}.Release|x64.ActiveCfg = Release|x64
		{2139E8CB-D1B8-4D0A-B3CA-12C35191CEE9}.Release|x64.Build.0 = Release|x64
		{2139E8CB-D1B8-4D0A-B3CA-12C35191CEE9}.Release|x64.Deploy.0 = Release|x64
		{2139E8CB-D1B8-4D0A-B3CA-12C35191CEE9}.Release|x86.ActiveCfg = Release|x86
		{2139E8CB-D1B8-4D0A-B3CA-12C35191CEE9}.Release|x86.Build.0 = Release|x86
		{2139E8CB-D1B8-4D0A-B3CA-12C35191CEE9}.Release|x86.Deploy.0 = Release|x86
	EndGlobalSection
	GlobalSection(SolutionProperties) = preSolution
		HideSolutionNode = FALSE
	EndGlobalSection
EndGlobal
